// !$*UTF8*$!
{
	archiveVersion = 1;
	classes = {
	};
	objectVersion = 46;
	objects = {

/* Begin PBXBuildFile section */
		03BA75C41CA9C61C002EACB9 /* AppDelegate.swift in Sources */ = {isa = PBXBuildFile; fileRef = 03BA75C31CA9C61C002EACB9 /* AppDelegate.swift */; };
		03BA75C61CA9C61C002EACB9 /* GameScene.swift in Sources */ = {isa = PBXBuildFile; fileRef = 03BA75C51CA9C61C002EACB9 /* GameScene.swift */; };
		03BA75CA1CA9C61C002EACB9 /* Assets.xcassets in Resources */ = {isa = PBXBuildFile; fileRef = 03BA75C91CA9C61C002EACB9 /* Assets.xcassets */; };
		03BA75CD1CA9C61C002EACB9 /* MainMenu.xib in Resources */ = {isa = PBXBuildFile; fileRef = 03BA75CB1CA9C61C002EACB9 /* MainMenu.xib */; };
		03BA75D81CA9C758002EACB9 /* Card.swift in Sources */ = {isa = PBXBuildFile; fileRef = 03BA75D71CA9C758002EACB9 /* Card.swift */; };
		03BA75DA1CA9C777002EACB9 /* Deck.swift in Sources */ = {isa = PBXBuildFile; fileRef = 03BA75D91CA9C777002EACB9 /* Deck.swift */; };
/* End PBXBuildFile section */

/* Begin PBXFileReference section */
		03BA75C01CA9C61C002EACB9 /* Memory.app */ = {isa = PBXFileReference; explicitFileType = wrapper.application; includeInIndex = 0; path = Memory.app; sourceTree = BUILT_PRODUCTS_DIR; };
		03BA75C31CA9C61C002EACB9 /* AppDelegate.swift */ = {isa = PBXFileReference; lastKnownFileType = sourcecode.swift; path = AppDelegate.swift; sourceTree = "<group>"; };
		03BA75C51CA9C61C002EACB9 /* GameScene.swift */ = {isa = PBXFileReference; lastKnownFileType = sourcecode.swift; path = GameScene.swift; sourceTree = "<group>"; };
		03BA75C91CA9C61C002EACB9 /* Assets.xcassets */ = {isa = PBXFileReference; lastKnownFileType = folder.assetcatalog; path = Assets.xcassets; sourceTree = "<group>"; };
		03BA75CC1CA9C61C002EACB9 /* Base */ = {isa = PBXFileReference; lastKnownFileType = file.xib; name = Base; path = Base.lproj/MainMenu.xib; sourceTree = "<group>"; };
		03BA75CE1CA9C61C002EACB9 /* Info.plist */ = {isa = PBXFileReference; lastKnownFileType = text.plist.xml; path = Info.plist; sourceTree = "<group>"; };
		03BA75D71CA9C758002EACB9 /* Card.swift */ = {isa = PBXFileReference; fileEncoding = 4; lastKnownFileType = sourcecode.swift; path = Card.swift; sourceTree = "<group>"; };
		03BA75D91CA9C777002EACB9 /* Deck.swift */ = {isa = PBXFileReference; fileEncoding = 4; lastKnownFileType = sourcecode.swift; path = Deck.swift; sourceTree = "<group>"; };
/* End PBXFileReference section */

/* Begin PBXFrameworksBuildPhase section */
		03BA75BD1CA9C61C002EACB9 /* Frameworks */ = {
			isa = PBXFrameworksBuildPhase;
			buildActionMask = 2147483647;
			files = (
			);
			runOnlyForDeploymentPostprocessing = 0;
		};
/* End PBXFrameworksBuildPhase section */

/* Begin PBXGroup section */
		03BA75B71CA9C61C002EACB9 = {
			isa = PBXGroup;
			children = (
				03BA75C21CA9C61C002EACB9 /* Memory */,
				03BA75C11CA9C61C002EACB9 /* Products */,
			);
			sourceTree = "<group>";
		};
		03BA75C11CA9C61C002EACB9 /* Products */ = {
			isa = PBXGroup;
			children = (
				03BA75C01CA9C61C002EACB9 /* Memory.app */,
			);
			name = Products;
			sourceTree = "<group>";
		};
		03BA75C21CA9C61C002EACB9 /* Memory */ = {
			isa = PBXGroup;
			children = (
				03BA75D61CA9C744002EACB9 /* Models */,
				03BA75C51CA9C61C002EACB9 /* GameScene.swift */,
				03BA75D41CA9C739002EACB9 /* Support */,
			);
			path = Memory;
			sourceTree = "<group>";
		};
		03BA75D41CA9C739002EACB9 /* Support */ = {
			isa = PBXGroup;
			children = (
				03BA75C31CA9C61C002EACB9 /* AppDelegate.swift */,
				03BA75CB1CA9C61C002EACB9 /* MainMenu.xib */,
				03BA75C91CA9C61C002EACB9 /* Assets.xcassets */,
				03BA75CE1CA9C61C002EACB9 /* Info.plist */,
			);
			name = Support;
			sourceTree = "<group>";
		};
		03BA75D61CA9C744002EACB9 /* Models */ = {
			isa = PBXGroup;
			children = (
				03BA75D71CA9C758002EACB9 /* Card.swift */,
				03BA75D91CA9C777002EACB9 /* Deck.swift */,
			);
			name = Models;
			sourceTree = "<group>";
		};
/* End PBXGroup section */

/* Begin PBXNativeTarget section */
		03BA75BF1CA9C61C002EACB9 /* Memory */ = {
			isa = PBXNativeTarget;
			buildConfigurationList = 03BA75D11CA9C61C002EACB9 /* Build configuration list for PBXNativeTarget "Memory" */;
			buildPhases = (
				03BA75BC1CA9C61C002EACB9 /* Sources */,
				03BA75BD1CA9C61C002EACB9 /* Frameworks */,
				03BA75BE1CA9C61C002EACB9 /* Resources */,
			);
			buildRules = (
			);
			dependencies = (
			);
			name = Memory;
			productName = Memory;
			productReference = 03BA75C01CA9C61C002EACB9 /* Memory.app */;
			productType = "com.apple.product-type.application";
		};
/* End PBXNativeTarget section */

/* Begin PBXProject section */
		03BA75B81CA9C61C002EACB9 /* Project object */ = {
			isa = PBXProject;
			attributes = {
				LastSwiftUpdateCheck = 0730;
				LastUpgradeCheck = 0730;
				ORGANIZATIONNAME = sizeof.io;
				TargetAttributes = {
					03BA75BF1CA9C61C002EACB9 = {
						CreatedOnToolsVersion = 7.3;
					};
				};
			};
			buildConfigurationList = 03BA75BB1CA9C61C002EACB9 /* Build configuration list for PBXProject "Memory" */;
			compatibilityVersion = "Xcode 3.2";
			developmentRegion = English;
			hasScannedForEncodings = 0;
			knownRegions = (
				en,
				Base,
			);
			mainGroup = 03BA75B71CA9C61C002EACB9;
			productRefGroup = 03BA75C11CA9C61C002EACB9 /* Products */;
			projectDirPath = "";
			projectRoot = "";
			targets = (
				03BA75BF1CA9C61C002EACB9 /* Memory */,
			);
		};
/* End PBXProject section */

/* Begin PBXResourcesBuildPhase section */
		03BA75BE1CA9C61C002EACB9 /* Resources */ = {
			isa = PBXResourcesBuildPhase;
			buildActionMask = 2147483647;
			files = (
				03BA75CA1CA9C61C002EACB9 /* Assets.xcassets in Resources */,
				03BA75CD1CA9C61C002EACB9 /* MainMenu.xib in Resources */,
			);
			runOnlyForDeploymentPostprocessing = 0;
		};
/* End PBXResourcesBuildPhase section */

/* Begin PBXSourcesBuildPhase section */
		03BA75BC1CA9C61C002EACB9 /* Sources */ = {
			isa = PBXSourcesBuildPhase;
			buildActionMask = 2147483647;
			files = (
				03BA75DA1CA9C777002EACB9 /* Deck.swift in Sources */,
				03BA75C61CA9C61C002EACB9 /* GameScene.swift in Sources */,
				03BA75D81CA9C758002EACB9 /* Card.swift in Sources */,
				03BA75C41CA9C61C002EACB9 /* AppDelegate.swift in Sources */,
			);
			runOnlyForDeploymentPostprocessing = 0;
		};
/* End PBXSourcesBuildPhase section */

/* Begin PBXVariantGroup section */
		03BA75CB1CA9C61C002EACB9 /* MainMenu.xib */ = {
			isa = PBXVariantGroup;
			children = (
				03BA75CC1CA9C61C002EACB9 /* Base */,
			);
			name = MainMenu.xib;
			sourceTree = "<group>";
		};
/* End PBXVariantGroup section */

/* Begin XCBuildConfiguration section */
		03BA75CF1CA9C61C002EACB9 /* Debug */ = {
			isa = XCBuildConfiguration;
			buildSettings = {
				ALWAYS_SEARCH_USER_PATHS = NO;
				CLANG_ANALYZER_NONNULL = YES;
				CLANG_CXX_LANGUAGE_STANDARD = "gnu++0x";
				CLANG_CXX_LIBRARY = "libc++";
				CLANG_ENABLE_MODULES = YES;
				CLANG_ENABLE_OBJC_ARC = YES;
				CLANG_WARN_BOOL_CONVERSION = YES;
				CLANG_WARN_CONSTANT_CONVERSION = YES;
				CLANG_WARN_DIRECT_OBJC_ISA_USAGE = YES_ERROR;
				CLANG_WARN_EMPTY_BODY = YES;
				CLANG_WARN_ENUM_CONVERSION = YES;
				CLANG_WARN_INT_CONVERSION = YES;
				CLANG_WARN_OBJC_ROOT_CLASS = YES_ERROR;
				CLANG_WARN_UNREACHABLE_CODE = YES;
				CLANG_WARN__DUPLICATE_METHOD_MATCH = YES;
				CODE_SIGN_IDENTITY = "-";
				COPY_PHASE_STRIP = NO;
				DEBUG_INFORMATION_FORMAT = "dwarf-with-dsym";
				ENABLE_STRICT_OBJC_MSGSEND = YES;
				ENABLE_TESTABILITY = YES;
				GCC_C_LANGUAGE_STANDARD = gnu99;
				GCC_DYNAMIC_NO_PIC = NO;
				GCC_NO_COMMON_BLOCKS = YES;
				GCC_OPTIMIZATION_LEVEL = 0;
				GCC_PREPROCESSOR_DEFINITIONS = (
					"DEBUG=1",
					"$(inherited)",
				);
				GCC_WARN_64_TO_32_BIT_CONVERSION = YES;
				GCC_WARN_ABOUT_RETURN_TYPE = YES_ERROR;
				GCC_WARN_UNDECLARED_SELECTOR = YES;
				GCC_WARN_UNINITIALIZED_AUTOS = YES_AGGRESSIVE;
				GCC_WARN_UNUSED_FUNCTION = YES;
				GCC_WARN_UNUSED_VARIABLE = YES;
				MACOSX_DEPLOYMENT_TARGET = 10.11;
				MTL_ENABLE_DEBUG_INFO = YES;
				ONLY_ACTIVE_ARCH = YES;
				SDKROOT = macosx;
				SWIFT_OPTIMIZATION_LEVEL = "-Onone";
			};
			name = Debug;
		};
		03BA75D01CA9C61C002EACB9 /* Release */ = {
			isa = XCBuildConfiguration;
			buildSettings = {
				ALWAYS_SEARCH_USER_PATHS = NO;
				CLANG_ANALYZER_NONNULL = YES;
				CLANG_CXX_LANGUAGE_STANDARD = "gnu++0x";
				CLANG_CXX_LIBRARY = "libc++";
				CLANG_ENABLE_MODULES = YES;
				CLANG_ENABLE_OBJC_ARC = YES;
				CLANG_WARN_BOOL_CONVERSION = YES;
				CLANG_WARN_CONSTANT_CONVERSION = YES;
				CLANG_WARN_DIRECT_OBJC_ISA_USAGE = YES_ERROR;
				CLANG_WARN_EMPTY_BODY = YES;
				CLANG_WARN_ENUM_CONVERSION = YES;
				CLANG_WARN_INT_CONVERSION = YES;
				CLANG_WARN_OBJC_ROOT_CLASS = YES_ERROR;
				CLANG_WARN_UNREACHABLE_CODE = YES;
				CLANG_WARN__DUPLICATE_METHOD_MATCH = YES;
				CODE_SIGN_IDENTITY = "-";
				COPY_PHASE_STRIP = NO;
				DEBUG_INFORMATION_FORMAT = "dwarf-with-dsym";
				ENABLE_NS_ASSERTIONS = NO;
				ENABLE_STRICT_OBJC_MSGSEND = YES;
				GCC_C_LANGUAGE_STANDARD = gnu99;
				GCC_NO_COMMON_BLOCKS = YES;
				GCC_WARN_64_TO_32_BIT_CONVERSION = YES;
				GCC_WARN_ABOUT_RETURN_TYPE = YES_ERROR;
				GCC_WARN_UNDECLARED_SELECTOR = YES;
				GCC_WARN_UNINITIALIZED_AUTOS = YES_AGGRESSIVE;
				GCC_WARN_UNUSED_FUNCTION = YES;
				GCC_WARN_UNUSED_VARIABLE = YES;
				MACOSX_DEPLOYMENT_TARGET = 10.11;
				MTL_ENABLE_DEBUG_INFO = NO;
				SDKROOT = macosx;
			};
			name = Release;
		};
		03BA75D21CA9C61C002EACB9 /* Debug */ = {
			isa = XCBuildConfiguration;
			buildSettings = {
				ASSETCATALOG_COMPILER_APPICON_NAME = AppIcon;
				COMBINE_HIDPI_IMAGES = YES;
				INFOPLIST_FILE = Memory/Info.plist;
				LD_RUNPATH_SEARCH_PATHS = "$(inherited) @executable_path/../Frameworks";
				PRODUCT_BUNDLE_IDENTIFIER = io.sizeof.Memory;
				PRODUCT_NAME = "$(TARGET_NAME)";
			};
			name = Debug;
		};
		03BA75D31CA9C61C002EACB9 /* Release */ = {
			isa = XCBuildConfiguration;
			buildSettings = {
				ASSETCATALOG_COMPILER_APPICON_NAME = AppIcon;
				COMBINE_HIDPI_IMAGES = YES;
				INFOPLIST_FILE = Memory/Info.plist;
				LD_RUNPATH_SEARCH_PATHS = "$(inherited) @executable_path/../Frameworks";
				PRODUCT_BUNDLE_IDENTIFIER = io.sizeof.Memory;
				PRODUCT_NAME = "$(TARGET_NAME)";
			};
			name = Release;
		};
/* End XCBuildConfiguration section */

/* Begin XCConfigurationList section */
		03BA75BB1CA9C61C002EACB9 /* Build configuration list for PBXProject "Memory" */ = {
			isa = XCConfigurationList;
			buildConfigurations = (
				03BA75CF1CA9C61C002EACB9 /* Debug */,
				03BA75D01CA9C61C002EACB9 /* Release */,
			);
			defaultConfigurationIsVisible = 0;
			defaultConfigurationName = Release;
		};
		03BA75D11CA9C61C002EACB9 /* Build configuration list for PBXNativeTarget "Memory" */ = {
			isa = XCConfigurationList;
			buildConfigurations = (
				03BA75D21CA9C61C002EACB9 /* Debug */,
				03BA75D31CA9C61C002EACB9 /* Release */,
			);
			defaultConfigurationIsVisible = 0;
			defaultConfigurationName = Release;
		};
/* End XCConfigurationList section */
	};
	rootObject = 03BA75B81CA9C61C002EACB9 /* Project object */;
}
